// !$*UTF8*$!
{
	archiveVersion = 1;
	classes = {
	};
	objectVersion = 56;
	objects = {

/* Begin PBXBuildFile section */
		FA05B1162B74269A00F4D516 /* ExerciseView.swift in Sources */ = {isa = PBXBuildFile; fileRef = FA05B1152B74269A00F4D516 /* ExerciseView.swift */; };
		FA24F96B2B83FE87000391DD /* Exercise+CoreDataClass.swift in Sources */ = {isa = PBXBuildFile; fileRef = FA24F9652B83FE87000391DD /* Exercise+CoreDataClass.swift */; };
		FA24F96E2B83FE87000391DD /* Set+CoreDataProperties.swift in Sources */ = {isa = PBXBuildFile; fileRef = FA24F9682B83FE87000391DD /* Set+CoreDataProperties.swift */; };
		FA24F96F2B83FE87000391DD /* Workout+CoreDataClass.swift in Sources */ = {isa = PBXBuildFile; fileRef = FA24F9692B83FE87000391DD /* Workout+CoreDataClass.swift */; };
		FA24F9702B83FE87000391DD /* Workout+CoreDataProperties.swift in Sources */ = {isa = PBXBuildFile; fileRef = FA24F96A2B83FE87000391DD /* Workout+CoreDataProperties.swift */; };
		FA24F9722B8426A7000391DD /* SettingsView.swift in Sources */ = {isa = PBXBuildFile; fileRef = FA24F9712B8426A7000391DD /* SettingsView.swift */; };
		FA3FA48A2B84380E008C6D98 /* Exercise+CoreDataProperties.swift in Sources */ = {isa = PBXBuildFile; fileRef = FA3FA4882B84380E008C6D98 /* Exercise+CoreDataProperties.swift */; };
		FA88A59D2B83E60600CAC883 /* Set+CoreDataClass.swift in Sources */ = {isa = PBXBuildFile; fileRef = FA88A5992B83E60600CAC883 /* Set+CoreDataClass.swift */; };
		FAACF0522B73151000203FB5 /* WorkoutsApp.swift in Sources */ = {isa = PBXBuildFile; fileRef = FAACF0512B73151000203FB5 /* WorkoutsApp.swift */; };
		FAACF0542B73151000203FB5 /* ContentView.swift in Sources */ = {isa = PBXBuildFile; fileRef = FAACF0532B73151000203FB5 /* ContentView.swift */; };
		FAACF0562B73151200203FB5 /* Assets.xcassets in Resources */ = {isa = PBXBuildFile; fileRef = FAACF0552B73151200203FB5 /* Assets.xcassets */; };
		FAACF0592B73151200203FB5 /* Preview Assets.xcassets in Resources */ = {isa = PBXBuildFile; fileRef = FAACF0582B73151200203FB5 /* Preview Assets.xcassets */; };
		FAACF05B2B73151200203FB5 /* Persistence.swift in Sources */ = {isa = PBXBuildFile; fileRef = FAACF05A2B73151200203FB5 /* Persistence.swift */; };
		FAACF05E2B73151200203FB5 /* Workouts.xcdatamodeld in Sources */ = {isa = PBXBuildFile; fileRef = FAACF05C2B73151200203FB5 /* Workouts.xcdatamodeld */; };
		FAACF0692B731CDA00203FB5 /* WorkoutView.swift in Sources */ = {isa = PBXBuildFile; fileRef = FAACF0682B731CDA00203FB5 /* WorkoutView.swift */; };
/* End PBXBuildFile section */

/* Begin PBXFileReference section */
		FA05B1152B74269A00F4D516 /* ExerciseView.swift */ = {isa = PBXFileReference; lastKnownFileType = sourcecode.swift; path = ExerciseView.swift; sourceTree = "<group>"; };
		FA24F9652B83FE87000391DD /* Exercise+CoreDataClass.swift */ = {isa = PBXFileReference; lastKnownFileType = sourcecode.swift; path = "Exercise+CoreDataClass.swift"; sourceTree = "<group>"; };
		FA24F9682B83FE87000391DD /* Set+CoreDataProperties.swift */ = {isa = PBXFileReference; lastKnownFileType = sourcecode.swift; path = "Set+CoreDataProperties.swift"; sourceTree = "<group>"; };
		FA24F9692B83FE87000391DD /* Workout+CoreDataClass.swift */ = {isa = PBXFileReference; lastKnownFileType = sourcecode.swift; path = "Workout+CoreDataClass.swift"; sourceTree = "<group>"; };
		FA24F96A2B83FE87000391DD /* Workout+CoreDataProperties.swift */ = {isa = PBXFileReference; lastKnownFileType = sourcecode.swift; path = "Workout+CoreDataProperties.swift"; sourceTree = "<group>"; };
		FA24F9712B8426A7000391DD /* SettingsView.swift */ = {isa = PBXFileReference; lastKnownFileType = sourcecode.swift; path = SettingsView.swift; sourceTree = "<group>"; };
		FA3FA4882B84380E008C6D98 /* Exercise+CoreDataProperties.swift */ = {isa = PBXFileReference; lastKnownFileType = sourcecode.swift; path = "Exercise+CoreDataProperties.swift"; sourceTree = "<group>"; };
		FA88A5992B83E60600CAC883 /* Set+CoreDataClass.swift */ = {isa = PBXFileReference; lastKnownFileType = sourcecode.swift; path = "Set+CoreDataClass.swift"; sourceTree = "<group>"; };
		FAACF04E2B73151000203FB5 /* Workouts.app */ = {isa = PBXFileReference; explicitFileType = wrapper.application; includeInIndex = 0; path = Workouts.app; sourceTree = BUILT_PRODUCTS_DIR; };
		FAACF0512B73151000203FB5 /* WorkoutsApp.swift */ = {isa = PBXFileReference; lastKnownFileType = sourcecode.swift; path = WorkoutsApp.swift; sourceTree = "<group>"; };
		FAACF0532B73151000203FB5 /* ContentView.swift */ = {isa = PBXFileReference; lastKnownFileType = sourcecode.swift; path = ContentView.swift; sourceTree = "<group>"; };
		FAACF0552B73151200203FB5 /* Assets.xcassets */ = {isa = PBXFileReference; lastKnownFileType = folder.assetcatalog; path = Assets.xcassets; sourceTree = "<group>"; };
		FAACF0582B73151200203FB5 /* Preview Assets.xcassets */ = {isa = PBXFileReference; lastKnownFileType = folder.assetcatalog; path = "Preview Assets.xcassets"; sourceTree = "<group>"; };
		FAACF05A2B73151200203FB5 /* Persistence.swift */ = {isa = PBXFileReference; lastKnownFileType = sourcecode.swift; path = Persistence.swift; sourceTree = "<group>"; };
		FAACF05D2B73151200203FB5 /* Workouts.xcdatamodel */ = {isa = PBXFileReference; lastKnownFileType = wrapper.xcdatamodel; path = Workouts.xcdatamodel; sourceTree = "<group>"; };
		FAACF0682B731CDA00203FB5 /* WorkoutView.swift */ = {isa = PBXFileReference; lastKnownFileType = sourcecode.swift; path = WorkoutView.swift; sourceTree = "<group>"; };
/* End PBXFileReference section */

/* Begin PBXFrameworksBuildPhase section */
		FAACF04B2B73151000203FB5 /* Frameworks */ = {
			isa = PBXFrameworksBuildPhase;
			buildActionMask = 2147483647;
			files = (
			);
			runOnlyForDeploymentPostprocessing = 0;
		};
/* End PBXFrameworksBuildPhase section */

/* Begin PBXGroup section */
		FAACF0452B73151000203FB5 = {
			isa = PBXGroup;
			children = (
				FAACF0502B73151000203FB5 /* Workouts */,
				FAACF04F2B73151000203FB5 /* Products */,
			);
			sourceTree = "<group>";
		};
		FAACF04F2B73151000203FB5 /* Products */ = {
			isa = PBXGroup;
			children = (
				FAACF04E2B73151000203FB5 /* Workouts.app */,
			);
			name = Products;
			sourceTree = "<group>";
		};
		FAACF0502B73151000203FB5 /* Workouts */ = {
			isa = PBXGroup;
			children = (
				FAACF0722B731F7F00203FB5 /* Models */,
				FAACF0512B73151000203FB5 /* WorkoutsApp.swift */,
				FAACF0532B73151000203FB5 /* ContentView.swift */,
				FAACF0682B731CDA00203FB5 /* WorkoutView.swift */,
				FA05B1152B74269A00F4D516 /* ExerciseView.swift */,
				FA24F9712B8426A7000391DD /* SettingsView.swift */,
				FAACF0552B73151200203FB5 /* Assets.xcassets */,
				FAACF05A2B73151200203FB5 /* Persistence.swift */,
				FAACF05C2B73151200203FB5 /* Workouts.xcdatamodeld */,
				FAACF0572B73151200203FB5 /* Preview Content */,
			);
			path = Workouts;
			sourceTree = "<group>";
		};
		FAACF0572B73151200203FB5 /* Preview Content */ = {
			isa = PBXGroup;
			children = (
				FAACF0582B73151200203FB5 /* Preview Assets.xcassets */,
			);
			path = "Preview Content";
			sourceTree = "<group>";
		};
		FAACF0722B731F7F00203FB5 /* Models */ = {
			isa = PBXGroup;
			children = (
				FA88A5992B83E60600CAC883 /* Set+CoreDataClass.swift */,
				FA24F9682B83FE87000391DD /* Set+CoreDataProperties.swift */,
				FA24F9652B83FE87000391DD /* Exercise+CoreDataClass.swift */,
				FA3FA4882B84380E008C6D98 /* Exercise+CoreDataProperties.swift */,
				FA24F9692B83FE87000391DD /* Workout+CoreDataClass.swift */,
				FA24F96A2B83FE87000391DD /* Workout+CoreDataProperties.swift */,
			);
			path = Models;
			sourceTree = "<group>";
		};
/* End PBXGroup section */

/* Begin PBXNativeTarget section */
		FAACF04D2B73151000203FB5 /* Workouts */ = {
			isa = PBXNativeTarget;
			buildConfigurationList = FAACF0612B73151200203FB5 /* Build configuration list for PBXNativeTarget "Workouts" */;
			buildPhases = (
				FAACF04A2B73151000203FB5 /* Sources */,
				FAACF04B2B73151000203FB5 /* Frameworks */,
				FAACF04C2B73151000203FB5 /* Resources */,
			);
			buildRules = (
			);
			dependencies = (
			);
			name = Workouts;
			productName = Workouts;
			productReference = FAACF04E2B73151000203FB5 /* Workouts.app */;
			productType = "com.apple.product-type.application";
		};
/* End PBXNativeTarget section */

/* Begin PBXProject section */
		FAACF0462B73151000203FB5 /* Project object */ = {
			isa = PBXProject;
			attributes = {
				BuildIndependentTargetsInParallel = 1;
				LastSwiftUpdateCheck = 1520;
				LastUpgradeCheck = 1520;
				TargetAttributes = {
					FAACF04D2B73151000203FB5 = {
						CreatedOnToolsVersion = 15.2;
					};
				};
			};
			buildConfigurationList = FAACF0492B73151000203FB5 /* Build configuration list for PBXProject "Workouts" */;
			compatibilityVersion = "Xcode 14.0";
			developmentRegion = en;
			hasScannedForEncodings = 0;
			knownRegions = (
				en,
				Base,
			);
			mainGroup = FAACF0452B73151000203FB5;
			productRefGroup = FAACF04F2B73151000203FB5 /* Products */;
			projectDirPath = "";
			projectRoot = "";
			targets = (
				FAACF04D2B73151000203FB5 /* Workouts */,
			);
		};
/* End PBXProject section */

/* Begin PBXResourcesBuildPhase section */
		FAACF04C2B73151000203FB5 /* Resources */ = {
			isa = PBXResourcesBuildPhase;
			buildActionMask = 2147483647;
			files = (
				FAACF0592B73151200203FB5 /* Preview Assets.xcassets in Resources */,
				FAACF0562B73151200203FB5 /* Assets.xcassets in Resources */,
			);
			runOnlyForDeploymentPostprocessing = 0;
		};
/* End PBXResourcesBuildPhase section */

/* Begin PBXSourcesBuildPhase section */
		FAACF04A2B73151000203FB5 /* Sources */ = {
			isa = PBXSourcesBuildPhase;
			buildActionMask = 2147483647;
			files = (
				FA24F9702B83FE87000391DD /* Workout+CoreDataProperties.swift in Sources */,
				FA05B1162B74269A00F4D516 /* ExerciseView.swift in Sources */,
				FA24F96F2B83FE87000391DD /* Workout+CoreDataClass.swift in Sources */,
				FAACF05B2B73151200203FB5 /* Persistence.swift in Sources */,
				FAACF0542B73151000203FB5 /* ContentView.swift in Sources */,
				FA24F96B2B83FE87000391DD /* Exercise+CoreDataClass.swift in Sources */,
				FA24F96E2B83FE87000391DD /* Set+CoreDataProperties.swift in Sources */,
				FAACF0522B73151000203FB5 /* WorkoutsApp.swift in Sources */,
				FAACF05E2B73151200203FB5 /* Workouts.xcdatamodeld in Sources */,
				FAACF0692B731CDA00203FB5 /* WorkoutView.swift in Sources */,
				FA3FA48A2B84380E008C6D98 /* Exercise+CoreDataProperties.swift in Sources */,
				FA88A59D2B83E60600CAC883 /* Set+CoreDataClass.swift in Sources */,
				FA24F9722B8426A7000391DD /* SettingsView.swift in Sources */,
			);
			runOnlyForDeploymentPostprocessing = 0;
		};
/* End PBXSourcesBuildPhase section */

/* Begin XCBuildConfiguration section */
		FAACF05F2B73151200203FB5 /* Debug */ = {
			isa = XCBuildConfiguration;
			buildSettings = {
				ALWAYS_SEARCH_USER_PATHS = NO;
				ASSETCATALOG_COMPILER_GENERATE_SWIFT_ASSET_SYMBOL_EXTENSIONS = YES;
				CLANG_ANALYZER_NONNULL = YES;
				CLANG_ANALYZER_NUMBER_OBJECT_CONVERSION = YES_AGGRESSIVE;
				CLANG_CXX_LANGUAGE_STANDARD = "gnu++20";
				CLANG_ENABLE_MODULES = YES;
				CLANG_ENABLE_OBJC_ARC = YES;
				CLANG_ENABLE_OBJC_WEAK = YES;
				CLANG_WARN_BLOCK_CAPTURE_AUTORELEASING = YES;
				CLANG_WARN_BOOL_CONVERSION = YES;
				CLANG_WARN_COMMA = YES;
				CLANG_WARN_CONSTANT_CONVERSION = YES;
				CLANG_WARN_DEPRECATED_OBJC_IMPLEMENTATIONS = YES;
				CLANG_WARN_DIRECT_OBJC_ISA_USAGE = YES_ERROR;
				CLANG_WARN_DOCUMENTATION_COMMENTS = YES;
				CLANG_WARN_EMPTY_BODY = YES;
				CLANG_WARN_ENUM_CONVERSION = YES;
				CLANG_WARN_INFINITE_RECURSION = YES;
				CLANG_WARN_INT_CONVERSION = YES;
				CLANG_WARN_NON_LITERAL_NULL_CONVERSION = YES;
				CLANG_WARN_OBJC_IMPLICIT_RETAIN_SELF = YES;
				CLANG_WARN_OBJC_LITERAL_CONVERSION = YES;
				CLANG_WARN_OBJC_ROOT_CLASS = YES_ERROR;
				CLANG_WARN_QUOTED_INCLUDE_IN_FRAMEWORK_HEADER = YES;
				CLANG_WARN_RANGE_LOOP_ANALYSIS = YES;
				CLANG_WARN_STRICT_PROTOTYPES = YES;
				CLANG_WARN_SUSPICIOUS_MOVE = YES;
				CLANG_WARN_UNGUARDED_AVAILABILITY = YES_AGGRESSIVE;
				CLANG_WARN_UNREACHABLE_CODE = YES;
				CLANG_WARN__DUPLICATE_METHOD_MATCH = YES;
				COPY_PHASE_STRIP = NO;
				DEBUG_INFORMATION_FORMAT = dwarf;
				ENABLE_STRICT_OBJC_MSGSEND = YES;
				ENABLE_TESTABILITY = YES;
				ENABLE_USER_SCRIPT_SANDBOXING = YES;
				GCC_C_LANGUAGE_STANDARD = gnu17;
				GCC_DYNAMIC_NO_PIC = NO;
				GCC_NO_COMMON_BLOCKS = YES;
				GCC_OPTIMIZATION_LEVEL = 0;
				GCC_PREPROCESSOR_DEFINITIONS = (
					"DEBUG=1",
					"$(inherited)",
				);
				GCC_WARN_64_TO_32_BIT_CONVERSION = YES;
				GCC_WARN_ABOUT_RETURN_TYPE = YES_ERROR;
				GCC_WARN_UNDECLARED_SELECTOR = YES;
				GCC_WARN_UNINITIALIZED_AUTOS = YES_AGGRESSIVE;
				GCC_WARN_UNUSED_FUNCTION = YES;
				GCC_WARN_UNUSED_VARIABLE = YES;
				IPHONEOS_DEPLOYMENT_TARGET = 17.2;
				LOCALIZATION_PREFERS_STRING_CATALOGS = YES;
				MTL_ENABLE_DEBUG_INFO = INCLUDE_SOURCE;
				MTL_FAST_MATH = YES;
				ONLY_ACTIVE_ARCH = YES;
				SDKROOT = iphoneos;
				SWIFT_ACTIVE_COMPILATION_CONDITIONS = "DEBUG $(inherited)";
				SWIFT_OPTIMIZATION_LEVEL = "-Onone";
			};
			name = Debug;
		};
		FAACF0602B73151200203FB5 /* Release */ = {
			isa = XCBuildConfiguration;
			buildSettings = {
				ALWAYS_SEARCH_USER_PATHS = NO;
				ASSETCATALOG_COMPILER_GENERATE_SWIFT_ASSET_SYMBOL_EXTENSIONS = YES;
				CLANG_ANALYZER_NONNULL = YES;
				CLANG_ANALYZER_NUMBER_OBJECT_CONVERSION = YES_AGGRESSIVE;
				CLANG_CXX_LANGUAGE_STANDARD = "gnu++20";
				CLANG_ENABLE_MODULES = YES;
				CLANG_ENABLE_OBJC_ARC = YES;
				CLANG_ENABLE_OBJC_WEAK = YES;
				CLANG_WARN_BLOCK_CAPTURE_AUTORELEASING = YES;
				CLANG_WARN_BOOL_CONVERSION = YES;
				CLANG_WARN_COMMA = YES;
				CLANG_WARN_CONSTANT_CONVERSION = YES;
				CLANG_WARN_DEPRECATED_OBJC_IMPLEMENTATIONS = YES;
				CLANG_WARN_DIRECT_OBJC_ISA_USAGE = YES_ERROR;
				CLANG_WARN_DOCUMENTATION_COMMENTS = YES;
				CLANG_WARN_EMPTY_BODY = YES;
				CLANG_WARN_ENUM_CONVERSION = YES;
				CLANG_WARN_INFINITE_RECURSION = YES;
				CLANG_WARN_INT_CONVERSION = YES;
				CLANG_WARN_NON_LITERAL_NULL_CONVERSION = YES;
				CLANG_WARN_OBJC_IMPLICIT_RETAIN_SELF = YES;
				CLANG_WARN_OBJC_LITERAL_CONVERSION = YES;
				CLANG_WARN_OBJC_ROOT_CLASS = YES_ERROR;
				CLANG_WARN_QUOTED_INCLUDE_IN_FRAMEWORK_HEADER = YES;
				CLANG_WARN_RANGE_LOOP_ANALYSIS = YES;
				CLANG_WARN_STRICT_PROTOTYPES = YES;
				CLANG_WARN_SUSPICIOUS_MOVE = YES;
				CLANG_WARN_UNGUARDED_AVAILABILITY = YES_AGGRESSIVE;
				CLANG_WARN_UNREACHABLE_CODE = YES;
				CLANG_WARN__DUPLICATE_METHOD_MATCH = YES;
				COPY_PHASE_STRIP = NO;
				DEBUG_INFORMATION_FORMAT = "dwarf-with-dsym";
				ENABLE_NS_ASSERTIONS = NO;
				ENABLE_STRICT_OBJC_MSGSEND = YES;
				ENABLE_USER_SCRIPT_SANDBOXING = YES;
				GCC_C_LANGUAGE_STANDARD = gnu17;
				GCC_NO_COMMON_BLOCKS = YES;
				GCC_WARN_64_TO_32_BIT_CONVERSION = YES;
				GCC_WARN_ABOUT_RETURN_TYPE = YES_ERROR;
				GCC_WARN_UNDECLARED_SELECTOR = YES;
				GCC_WARN_UNINITIALIZED_AUTOS = YES_AGGRESSIVE;
				GCC_WARN_UNUSED_FUNCTION = YES;
				GCC_WARN_UNUSED_VARIABLE = YES;
				IPHONEOS_DEPLOYMENT_TARGET = 17.2;
				LOCALIZATION_PREFERS_STRING_CATALOGS = YES;
				MTL_ENABLE_DEBUG_INFO = NO;
				MTL_FAST_MATH = YES;
				SDKROOT = iphoneos;
				SWIFT_COMPILATION_MODE = wholemodule;
				VALIDATE_PRODUCT = YES;
			};
			name = Release;
		};
		FAACF0622B73151200203FB5 /* Debug */ = {
			isa = XCBuildConfiguration;
			buildSettings = {
				ASSETCATALOG_COMPILER_APPICON_NAME = AppIcon;
				ASSETCATALOG_COMPILER_GLOBAL_ACCENT_COLOR_NAME = AccentColor;
				CODE_SIGN_STYLE = Automatic;
				CURRENT_PROJECT_VERSION = 1;
				DEVELOPMENT_ASSET_PATHS = "\"Workouts/Preview Content\"";
				DEVELOPMENT_TEAM = C6VBMG2Y53;
				ENABLE_PREVIEWS = YES;
				GENERATE_INFOPLIST_FILE = YES;
				INFOPLIST_KEY_UIApplicationSceneManifest_Generation = YES;
				INFOPLIST_KEY_UIApplicationSupportsIndirectInputEvents = YES;
				INFOPLIST_KEY_UILaunchScreen_Generation = YES;
				INFOPLIST_KEY_UISupportedInterfaceOrientations_iPad = "UIInterfaceOrientationPortrait UIInterfaceOrientationPortraitUpsideDown UIInterfaceOrientationLandscapeLeft UIInterfaceOrientationLandscapeRight";
				INFOPLIST_KEY_UISupportedInterfaceOrientations_iPhone = "UIInterfaceOrientationPortrait UIInterfaceOrientationLandscapeLeft UIInterfaceOrientationLandscapeRight";
				LD_RUNPATH_SEARCH_PATHS = (
					"$(inherited)",
					"@executable_path/Frameworks",
				);
				MARKETING_VERSION = 1.0;
				PRODUCT_BUNDLE_IDENTIFIER = com.alexphanna.Workouts;
				PRODUCT_NAME = "$(TARGET_NAME)";
				SWIFT_EMIT_LOC_STRINGS = YES;
				SWIFT_VERSION = 5.0;
				TARGETED_DEVICE_FAMILY = "1,2";
			};
			name = Debug;
		};
		FAACF0632B73151200203FB5 /* Release */ = {
			isa = XCBuildConfiguration;
			buildSettings = {
				ASSETCATALOG_COMPILER_APPICON_NAME = AppIcon;
				ASSETCATALOG_COMPILER_GLOBAL_ACCENT_COLOR_NAME = AccentColor;
				CODE_SIGN_STYLE = Automatic;
				CURRENT_PROJECT_VERSION = 1;
				DEVELOPMENT_ASSET_PATHS = "\"Workouts/Preview Content\"";
				DEVELOPMENT_TEAM = C6VBMG2Y53;
				ENABLE_PREVIEWS = YES;
				GENERATE_INFOPLIST_FILE = YES;
				INFOPLIST_KEY_UIApplicationSceneManifest_Generation = YES;
				INFOPLIST_KEY_UIApplicationSupportsIndirectInputEvents = YES;
				INFOPLIST_KEY_UILaunchScreen_Generation = YES;
				INFOPLIST_KEY_UISupportedInterfaceOrientations_iPad = "UIInterfaceOrientationPortrait UIInterfaceOrientationPortraitUpsideDown UIInterfaceOrientationLandscapeLeft UIInterfaceOrientationLandscapeRight";
				INFOPLIST_KEY_UISupportedInterfaceOrientations_iPhone = "UIInterfaceOrientationPortrait UIInterfaceOrientationLandscapeLeft UIInterfaceOrientationLandscapeRight";
				LD_RUNPATH_SEARCH_PATHS = (
					"$(inherited)",
					"@executable_path/Frameworks",
				);
				MARKETING_VERSION = 1.0;
				PRODUCT_BUNDLE_IDENTIFIER = com.alexphanna.Workouts;
				PRODUCT_NAME = "$(TARGET_NAME)";
				SWIFT_EMIT_LOC_STRINGS = YES;
				SWIFT_VERSION = 5.0;
				TARGETED_DEVICE_FAMILY = "1,2";
			};
			name = Release;
		};
/* End XCBuildConfiguration section */

/* Begin XCConfigurationList section */
		FAACF0492B73151000203FB5 /* Build configuration list for PBXProject "Workouts" */ = {
			isa = XCConfigurationList;
			buildConfigurations = (
				FAACF05F2B73151200203FB5 /* Debug */,
				FAACF0602B73151200203FB5 /* Release */,
			);
			defaultConfigurationIsVisible = 0;
			defaultConfigurationName = Release;
		};
		FAACF0612B73151200203FB5 /* Build configuration list for PBXNativeTarget "Workouts" */ = {
			isa = XCConfigurationList;
			buildConfigurations = (
				FAACF0622B73151200203FB5 /* Debug */,
				FAACF0632B73151200203FB5 /* Release */,
			);
			defaultConfigurationIsVisible = 0;
			defaultConfigurationName = Release;
		};
/* End XCConfigurationList section */

/* Begin XCVersionGroup section */
		FAACF05C2B73151200203FB5 /* Workouts.xcdatamodeld */ = {
			isa = XCVersionGroup;
			children = (
				FAACF05D2B73151200203FB5 /* Workouts.xcdatamodel */,
			);
			currentVersion = FAACF05D2B73151200203FB5 /* Workouts.xcdatamodel */;
			path = Workouts.xcdatamodeld;
			sourceTree = "<group>";
			versionGroupType = wrapper.xcdatamodel;
		};
/* End XCVersionGroup section */
	};
	rootObject = FAACF0462B73151000203FB5 /* Project object */;
}
