// !$*UTF8*$!
{
	archiveVersion = 1;
	classes = {
	};
	objectVersion = 56;
	objects = {

/* Begin PBXBuildFile section */
		FA35F67E2B5D9A8000CD485D /* Set.swift in Sources */ = {isa = PBXBuildFile; fileRef = FA35F67D2B5D9A8000CD485D /* Set.swift */; };
		FA35F6802B5D9D6100CD485D /* SetView.swift in Sources */ = {isa = PBXBuildFile; fileRef = FA35F67F2B5D9D6100CD485D /* SetView.swift */; };
		FA35F6822B5DB4BD00CD485D /* SettingsView.swift in Sources */ = {isa = PBXBuildFile; fileRef = FA35F6812B5DB4BD00CD485D /* SettingsView.swift */; };
		FA6C90B72B412FBE00A3A203 /* WorkoutsApp.swift in Sources */ = {isa = PBXBuildFile; fileRef = FA6C90B62B412FBE00A3A203 /* WorkoutsApp.swift */; };
		FA6C90B92B412FBE00A3A203 /* ContentView.swift in Sources */ = {isa = PBXBuildFile; fileRef = FA6C90B82B412FBE00A3A203 /* ContentView.swift */; };
		FA6C90BB2B412FC000A3A203 /* Assets.xcassets in Resources */ = {isa = PBXBuildFile; fileRef = FA6C90BA2B412FC000A3A203 /* Assets.xcassets */; };
		FA6C90BE2B412FC000A3A203 /* Preview Assets.xcassets in Resources */ = {isa = PBXBuildFile; fileRef = FA6C90BD2B412FC000A3A203 /* Preview Assets.xcassets */; };
		FA6C90C82B412FC000A3A203 /* WorkoutsTests.swift in Sources */ = {isa = PBXBuildFile; fileRef = FA6C90C72B412FC000A3A203 /* WorkoutsTests.swift */; };
		FA6C90D22B412FC000A3A203 /* WorkoutsUITests.swift in Sources */ = {isa = PBXBuildFile; fileRef = FA6C90D12B412FC000A3A203 /* WorkoutsUITests.swift */; };
		FA6C90D42B412FC000A3A203 /* WorkoutsUITestsLaunchTests.swift in Sources */ = {isa = PBXBuildFile; fileRef = FA6C90D32B412FC000A3A203 /* WorkoutsUITestsLaunchTests.swift */; };
		FA7DE7CE2B41EC87009BB6AA /* WorkoutView.swift in Sources */ = {isa = PBXBuildFile; fileRef = FA7DE7CD2B41EC87009BB6AA /* WorkoutView.swift */; };
		FA7E17312B48B51600BEC162 /* Workout.swift in Sources */ = {isa = PBXBuildFile; fileRef = FA7E17302B48B51600BEC162 /* Workout.swift */; };
		FADFAD7B2B464CCB00540752 /* Exercise.swift in Sources */ = {isa = PBXBuildFile; fileRef = FADFAD7A2B464CCB00540752 /* Exercise.swift */; };
		FADFAD7D2B464CD700540752 /* ExerciseView.swift in Sources */ = {isa = PBXBuildFile; fileRef = FADFAD7C2B464CD700540752 /* ExerciseView.swift */; };
/* End PBXBuildFile section */

/* Begin PBXContainerItemProxy section */
		FA6C90C42B412FC000A3A203 /* PBXContainerItemProxy */ = {
			isa = PBXContainerItemProxy;
			containerPortal = FA6C90AB2B412FBE00A3A203 /* Project object */;
			proxyType = 1;
			remoteGlobalIDString = FA6C90B22B412FBE00A3A203;
			remoteInfo = Workouts;
		};
		FA6C90CE2B412FC000A3A203 /* PBXContainerItemProxy */ = {
			isa = PBXContainerItemProxy;
			containerPortal = FA6C90AB2B412FBE00A3A203 /* Project object */;
			proxyType = 1;
			remoteGlobalIDString = FA6C90B22B412FBE00A3A203;
			remoteInfo = Workouts;
		};
/* End PBXContainerItemProxy section */

/* Begin PBXFileReference section */
		FA35F67D2B5D9A8000CD485D /* Set.swift */ = {isa = PBXFileReference; lastKnownFileType = sourcecode.swift; path = Set.swift; sourceTree = "<group>"; };
		FA35F67F2B5D9D6100CD485D /* SetView.swift */ = {isa = PBXFileReference; lastKnownFileType = sourcecode.swift; path = SetView.swift; sourceTree = "<group>"; };
		FA35F6812B5DB4BD00CD485D /* SettingsView.swift */ = {isa = PBXFileReference; lastKnownFileType = sourcecode.swift; path = SettingsView.swift; sourceTree = "<group>"; };
		FA6C90B32B412FBE00A3A203 /* Workouts.app */ = {isa = PBXFileReference; explicitFileType = wrapper.application; includeInIndex = 0; path = Workouts.app; sourceTree = BUILT_PRODUCTS_DIR; };
		FA6C90B62B412FBE00A3A203 /* WorkoutsApp.swift */ = {isa = PBXFileReference; lastKnownFileType = sourcecode.swift; path = WorkoutsApp.swift; sourceTree = "<group>"; };
		FA6C90B82B412FBE00A3A203 /* ContentView.swift */ = {isa = PBXFileReference; lastKnownFileType = sourcecode.swift; path = ContentView.swift; sourceTree = "<group>"; };
		FA6C90BA2B412FC000A3A203 /* Assets.xcassets */ = {isa = PBXFileReference; lastKnownFileType = folder.assetcatalog; path = Assets.xcassets; sourceTree = "<group>"; };
		FA6C90BD2B412FC000A3A203 /* Preview Assets.xcassets */ = {isa = PBXFileReference; lastKnownFileType = folder.assetcatalog; path = "Preview Assets.xcassets"; sourceTree = "<group>"; };
		FA6C90C32B412FC000A3A203 /* WorkoutsTests.xctest */ = {isa = PBXFileReference; explicitFileType = wrapper.cfbundle; includeInIndex = 0; path = WorkoutsTests.xctest; sourceTree = BUILT_PRODUCTS_DIR; };
		FA6C90C72B412FC000A3A203 /* WorkoutsTests.swift */ = {isa = PBXFileReference; lastKnownFileType = sourcecode.swift; path = WorkoutsTests.swift; sourceTree = "<group>"; };
		FA6C90CD2B412FC000A3A203 /* WorkoutsUITests.xctest */ = {isa = PBXFileReference; explicitFileType = wrapper.cfbundle; includeInIndex = 0; path = WorkoutsUITests.xctest; sourceTree = BUILT_PRODUCTS_DIR; };
		FA6C90D12B412FC000A3A203 /* WorkoutsUITests.swift */ = {isa = PBXFileReference; lastKnownFileType = sourcecode.swift; path = WorkoutsUITests.swift; sourceTree = "<group>"; };
		FA6C90D32B412FC000A3A203 /* WorkoutsUITestsLaunchTests.swift */ = {isa = PBXFileReference; lastKnownFileType = sourcecode.swift; path = WorkoutsUITestsLaunchTests.swift; sourceTree = "<group>"; };
		FA7DE7CD2B41EC87009BB6AA /* WorkoutView.swift */ = {isa = PBXFileReference; lastKnownFileType = sourcecode.swift; path = WorkoutView.swift; sourceTree = "<group>"; };
		FA7E17302B48B51600BEC162 /* Workout.swift */ = {isa = PBXFileReference; lastKnownFileType = sourcecode.swift; path = Workout.swift; sourceTree = "<group>"; };
		FADFAD7A2B464CCB00540752 /* Exercise.swift */ = {isa = PBXFileReference; fileEncoding = 4; lastKnownFileType = sourcecode.swift; path = Exercise.swift; sourceTree = "<group>"; };
		FADFAD7C2B464CD700540752 /* ExerciseView.swift */ = {isa = PBXFileReference; fileEncoding = 4; lastKnownFileType = sourcecode.swift; path = ExerciseView.swift; sourceTree = "<group>"; };
/* End PBXFileReference section */

/* Begin PBXFrameworksBuildPhase section */
		FA6C90B02B412FBE00A3A203 /* Frameworks */ = {
			isa = PBXFrameworksBuildPhase;
			buildActionMask = 2147483647;
			files = (
			);
			runOnlyForDeploymentPostprocessing = 0;
		};
		FA6C90C02B412FC000A3A203 /* Frameworks */ = {
			isa = PBXFrameworksBuildPhase;
			buildActionMask = 2147483647;
			files = (
			);
			runOnlyForDeploymentPostprocessing = 0;
		};
		FA6C90CA2B412FC000A3A203 /* Frameworks */ = {
			isa = PBXFrameworksBuildPhase;
			buildActionMask = 2147483647;
			files = (
			);
			runOnlyForDeploymentPostprocessing = 0;
		};
/* End PBXFrameworksBuildPhase section */

/* Begin PBXGroup section */
		FA6C90AA2B412FBE00A3A203 = {
			isa = PBXGroup;
			children = (
				FA6C90B52B412FBE00A3A203 /* Workouts */,
				FA6C90C62B412FC000A3A203 /* WorkoutsTests */,
				FA6C90D02B412FC000A3A203 /* WorkoutsUITests */,
				FA6C90B42B412FBE00A3A203 /* Products */,
			);
			sourceTree = "<group>";
		};
		FA6C90B42B412FBE00A3A203 /* Products */ = {
			isa = PBXGroup;
			children = (
				FA6C90B32B412FBE00A3A203 /* Workouts.app */,
				FA6C90C32B412FC000A3A203 /* WorkoutsTests.xctest */,
				FA6C90CD2B412FC000A3A203 /* WorkoutsUITests.xctest */,
			);
			name = Products;
			sourceTree = "<group>";
		};
		FA6C90B52B412FBE00A3A203 /* Workouts */ = {
			isa = PBXGroup;
			children = (
				FADFAD7A2B464CCB00540752 /* Exercise.swift */,
				FADFAD7C2B464CD700540752 /* ExerciseView.swift */,
				FA7DE7CD2B41EC87009BB6AA /* WorkoutView.swift */,
				FA6C90B62B412FBE00A3A203 /* WorkoutsApp.swift */,
				FA6C90B82B412FBE00A3A203 /* ContentView.swift */,
				FA6C90BA2B412FC000A3A203 /* Assets.xcassets */,
				FA6C90BC2B412FC000A3A203 /* Preview Content */,
				FA7E17302B48B51600BEC162 /* Workout.swift */,
				FA35F67D2B5D9A8000CD485D /* Set.swift */,
				FA35F67F2B5D9D6100CD485D /* SetView.swift */,
				FA35F6812B5DB4BD00CD485D /* SettingsView.swift */,
			);
			path = Workouts;
			sourceTree = "<group>";
		};
		FA6C90BC2B412FC000A3A203 /* Preview Content */ = {
			isa = PBXGroup;
			children = (
				FA6C90BD2B412FC000A3A203 /* Preview Assets.xcassets */,
			);
			path = "Preview Content";
			sourceTree = "<group>";
		};
		FA6C90C62B412FC000A3A203 /* WorkoutsTests */ = {
			isa = PBXGroup;
			children = (
				FA6C90C72B412FC000A3A203 /* WorkoutsTests.swift */,
			);
			path = WorkoutsTests;
			sourceTree = "<group>";
		};
		FA6C90D02B412FC000A3A203 /* WorkoutsUITests */ = {
			isa = PBXGroup;
			children = (
				FA6C90D12B412FC000A3A203 /* WorkoutsUITests.swift */,
				FA6C90D32B412FC000A3A203 /* WorkoutsUITestsLaunchTests.swift */,
			);
			path = WorkoutsUITests;
			sourceTree = "<group>";
		};
/* End PBXGroup section */

/* Begin PBXNativeTarget section */
		FA6C90B22B412FBE00A3A203 /* Workouts */ = {
			isa = PBXNativeTarget;
			buildConfigurationList = FA6C90D72B412FC000A3A203 /* Build configuration list for PBXNativeTarget "Workouts" */;
			buildPhases = (
				FA6C90AF2B412FBE00A3A203 /* Sources */,
				FA6C90B02B412FBE00A3A203 /* Frameworks */,
				FA6C90B12B412FBE00A3A203 /* Resources */,
			);
			buildRules = (
			);
			dependencies = (
			);
			name = Workouts;
			productName = Workouts;
			productReference = FA6C90B32B412FBE00A3A203 /* Workouts.app */;
			productType = "com.apple.product-type.application";
		};
		FA6C90C22B412FC000A3A203 /* WorkoutsTests */ = {
			isa = PBXNativeTarget;
			buildConfigurationList = FA6C90DA2B412FC000A3A203 /* Build configuration list for PBXNativeTarget "WorkoutsTests" */;
			buildPhases = (
				FA6C90BF2B412FC000A3A203 /* Sources */,
				FA6C90C02B412FC000A3A203 /* Frameworks */,
				FA6C90C12B412FC000A3A203 /* Resources */,
			);
			buildRules = (
			);
			dependencies = (
				FA6C90C52B412FC000A3A203 /* PBXTargetDependency */,
			);
			name = WorkoutsTests;
			productName = WorkoutsTests;
			productReference = FA6C90C32B412FC000A3A203 /* WorkoutsTests.xctest */;
			productType = "com.apple.product-type.bundle.unit-test";
		};
		FA6C90CC2B412FC000A3A203 /* WorkoutsUITests */ = {
			isa = PBXNativeTarget;
			buildConfigurationList = FA6C90DD2B412FC000A3A203 /* Build configuration list for PBXNativeTarget "WorkoutsUITests" */;
			buildPhases = (
				FA6C90C92B412FC000A3A203 /* Sources */,
				FA6C90CA2B412FC000A3A203 /* Frameworks */,
				FA6C90CB2B412FC000A3A203 /* Resources */,
			);
			buildRules = (
			);
			dependencies = (
				FA6C90CF2B412FC000A3A203 /* PBXTargetDependency */,
			);
			name = WorkoutsUITests;
			productName = WorkoutsUITests;
			productReference = FA6C90CD2B412FC000A3A203 /* WorkoutsUITests.xctest */;
			productType = "com.apple.product-type.bundle.ui-testing";
		};
/* End PBXNativeTarget section */

/* Begin PBXProject section */
		FA6C90AB2B412FBE00A3A203 /* Project object */ = {
			isa = PBXProject;
			attributes = {
				BuildIndependentTargetsInParallel = 1;
				LastSwiftUpdateCheck = 1510;
				LastUpgradeCheck = 1510;
				TargetAttributes = {
					FA6C90B22B412FBE00A3A203 = {
						CreatedOnToolsVersion = 15.1;
					};
					FA6C90C22B412FC000A3A203 = {
						CreatedOnToolsVersion = 15.1;
						TestTargetID = FA6C90B22B412FBE00A3A203;
					};
					FA6C90CC2B412FC000A3A203 = {
						CreatedOnToolsVersion = 15.1;
						TestTargetID = FA6C90B22B412FBE00A3A203;
					};
				};
			};
			buildConfigurationList = FA6C90AE2B412FBE00A3A203 /* Build configuration list for PBXProject "Workouts" */;
			compatibilityVersion = "Xcode 14.0";
			developmentRegion = en;
			hasScannedForEncodings = 0;
			knownRegions = (
				en,
				Base,
			);
			mainGroup = FA6C90AA2B412FBE00A3A203;
			productRefGroup = FA6C90B42B412FBE00A3A203 /* Products */;
			projectDirPath = "";
			projectRoot = "";
			targets = (
				FA6C90B22B412FBE00A3A203 /* Workouts */,
				FA6C90C22B412FC000A3A203 /* WorkoutsTests */,
				FA6C90CC2B412FC000A3A203 /* WorkoutsUITests */,
			);
		};
/* End PBXProject section */

/* Begin PBXResourcesBuildPhase section */
		FA6C90B12B412FBE00A3A203 /* Resources */ = {
			isa = PBXResourcesBuildPhase;
			buildActionMask = 2147483647;
			files = (
				FA6C90BE2B412FC000A3A203 /* Preview Assets.xcassets in Resources */,
				FA6C90BB2B412FC000A3A203 /* Assets.xcassets in Resources */,
			);
			runOnlyForDeploymentPostprocessing = 0;
		};
		FA6C90C12B412FC000A3A203 /* Resources */ = {
			isa = PBXResourcesBuildPhase;
			buildActionMask = 2147483647;
			files = (
			);
			runOnlyForDeploymentPostprocessing = 0;
		};
		FA6C90CB2B412FC000A3A203 /* Resources */ = {
			isa = PBXResourcesBuildPhase;
			buildActionMask = 2147483647;
			files = (
			);
			runOnlyForDeploymentPostprocessing = 0;
		};
/* End PBXResourcesBuildPhase section */

/* Begin PBXSourcesBuildPhase section */
		FA6C90AF2B412FBE00A3A203 /* Sources */ = {
			isa = PBXSourcesBuildPhase;
			buildActionMask = 2147483647;
			files = (
				FA6C90B92B412FBE00A3A203 /* ContentView.swift in Sources */,
				FADFAD7B2B464CCB00540752 /* Exercise.swift in Sources */,
				FA7DE7CE2B41EC87009BB6AA /* WorkoutView.swift in Sources */,
				FA35F6822B5DB4BD00CD485D /* SettingsView.swift in Sources */,
				FA35F67E2B5D9A8000CD485D /* Set.swift in Sources */,
				FA6C90B72B412FBE00A3A203 /* WorkoutsApp.swift in Sources */,
				FADFAD7D2B464CD700540752 /* ExerciseView.swift in Sources */,
				FA7E17312B48B51600BEC162 /* Workout.swift in Sources */,
				FA35F6802B5D9D6100CD485D /* SetView.swift in Sources */,
			);
			runOnlyForDeploymentPostprocessing = 0;
		};
		FA6C90BF2B412FC000A3A203 /* Sources */ = {
			isa = PBXSourcesBuildPhase;
			buildActionMask = 2147483647;
			files = (
				FA6C90C82B412FC000A3A203 /* WorkoutsTests.swift in Sources */,
			);
			runOnlyForDeploymentPostprocessing = 0;
		};
		FA6C90C92B412FC000A3A203 /* Sources */ = {
			isa = PBXSourcesBuildPhase;
			buildActionMask = 2147483647;
			files = (
				FA6C90D42B412FC000A3A203 /* WorkoutsUITestsLaunchTests.swift in Sources */,
				FA6C90D22B412FC000A3A203 /* WorkoutsUITests.swift in Sources */,
			);
			runOnlyForDeploymentPostprocessing = 0;
		};
/* End PBXSourcesBuildPhase section */

/* Begin PBXTargetDependency section */
		FA6C90C52B412FC000A3A203 /* PBXTargetDependency */ = {
			isa = PBXTargetDependency;
			target = FA6C90B22B412FBE00A3A203 /* Workouts */;
			targetProxy = FA6C90C42B412FC000A3A203 /* PBXContainerItemProxy */;
		};
		FA6C90CF2B412FC000A3A203 /* PBXTargetDependency */ = {
			isa = PBXTargetDependency;
			target = FA6C90B22B412FBE00A3A203 /* Workouts */;
			targetProxy = FA6C90CE2B412FC000A3A203 /* PBXContainerItemProxy */;
		};
/* End PBXTargetDependency section */

/* Begin XCBuildConfiguration section */
		FA6C90D52B412FC000A3A203 /* Debug */ = {
			isa = XCBuildConfiguration;
			buildSettings = {
				ALWAYS_SEARCH_USER_PATHS = NO;
				ASSETCATALOG_COMPILER_GENERATE_SWIFT_ASSET_SYMBOL_EXTENSIONS = YES;
				CLANG_ANALYZER_NONNULL = YES;
				CLANG_ANALYZER_NUMBER_OBJECT_CONVERSION = YES_AGGRESSIVE;
				CLANG_CXX_LANGUAGE_STANDARD = "gnu++20";
				CLANG_ENABLE_MODULES = YES;
				CLANG_ENABLE_OBJC_ARC = YES;
				CLANG_ENABLE_OBJC_WEAK = YES;
				CLANG_WARN_BLOCK_CAPTURE_AUTORELEASING = YES;
				CLANG_WARN_BOOL_CONVERSION = YES;
				CLANG_WARN_COMMA = YES;
				CLANG_WARN_CONSTANT_CONVERSION = YES;
				CLANG_WARN_DEPRECATED_OBJC_IMPLEMENTATIONS = YES;
				CLANG_WARN_DIRECT_OBJC_ISA_USAGE = YES_ERROR;
				CLANG_WARN_DOCUMENTATION_COMMENTS = YES;
				CLANG_WARN_EMPTY_BODY = YES;
				CLANG_WARN_ENUM_CONVERSION = YES;
				CLANG_WARN_INFINITE_RECURSION = YES;
				CLANG_WARN_INT_CONVERSION = YES;
				CLANG_WARN_NON_LITERAL_NULL_CONVERSION = YES;
				CLANG_WARN_OBJC_IMPLICIT_RETAIN_SELF = YES;
				CLANG_WARN_OBJC_LITERAL_CONVERSION = YES;
				CLANG_WARN_OBJC_ROOT_CLASS = YES_ERROR;
				CLANG_WARN_QUOTED_INCLUDE_IN_FRAMEWORK_HEADER = YES;
				CLANG_WARN_RANGE_LOOP_ANALYSIS = YES;
				CLANG_WARN_STRICT_PROTOTYPES = YES;
				CLANG_WARN_SUSPICIOUS_MOVE = YES;
				CLANG_WARN_UNGUARDED_AVAILABILITY = YES_AGGRESSIVE;
				CLANG_WARN_UNREACHABLE_CODE = YES;
				CLANG_WARN__DUPLICATE_METHOD_MATCH = YES;
				COPY_PHASE_STRIP = NO;
				DEBUG_INFORMATION_FORMAT = dwarf;
				ENABLE_STRICT_OBJC_MSGSEND = YES;
				ENABLE_TESTABILITY = YES;
				ENABLE_USER_SCRIPT_SANDBOXING = YES;
				GCC_C_LANGUAGE_STANDARD = gnu17;
				GCC_DYNAMIC_NO_PIC = NO;
				GCC_NO_COMMON_BLOCKS = YES;
				GCC_OPTIMIZATION_LEVEL = 0;
				GCC_PREPROCESSOR_DEFINITIONS = (
					"DEBUG=1",
					"$(inherited)",
				);
				GCC_WARN_64_TO_32_BIT_CONVERSION = YES;
				GCC_WARN_ABOUT_RETURN_TYPE = YES_ERROR;
				GCC_WARN_UNDECLARED_SELECTOR = YES;
				GCC_WARN_UNINITIALIZED_AUTOS = YES_AGGRESSIVE;
				GCC_WARN_UNUSED_FUNCTION = YES;
				GCC_WARN_UNUSED_VARIABLE = YES;
				IPHONEOS_DEPLOYMENT_TARGET = 17.2;
				LOCALIZATION_PREFERS_STRING_CATALOGS = YES;
				MTL_ENABLE_DEBUG_INFO = INCLUDE_SOURCE;
				MTL_FAST_MATH = YES;
				ONLY_ACTIVE_ARCH = YES;
				SDKROOT = iphoneos;
				SWIFT_ACTIVE_COMPILATION_CONDITIONS = "DEBUG $(inherited)";
				SWIFT_OPTIMIZATION_LEVEL = "-Onone";
			};
			name = Debug;
		};
		FA6C90D62B412FC000A3A203 /* Release */ = {
			isa = XCBuildConfiguration;
			buildSettings = {
				ALWAYS_SEARCH_USER_PATHS = NO;
				ASSETCATALOG_COMPILER_GENERATE_SWIFT_ASSET_SYMBOL_EXTENSIONS = YES;
				CLANG_ANALYZER_NONNULL = YES;
				CLANG_ANALYZER_NUMBER_OBJECT_CONVERSION = YES_AGGRESSIVE;
				CLANG_CXX_LANGUAGE_STANDARD = "gnu++20";
				CLANG_ENABLE_MODULES = YES;
				CLANG_ENABLE_OBJC_ARC = YES;
				CLANG_ENABLE_OBJC_WEAK = YES;
				CLANG_WARN_BLOCK_CAPTURE_AUTORELEASING = YES;
				CLANG_WARN_BOOL_CONVERSION = YES;
				CLANG_WARN_COMMA = YES;
				CLANG_WARN_CONSTANT_CONVERSION = YES;
				CLANG_WARN_DEPRECATED_OBJC_IMPLEMENTATIONS = YES;
				CLANG_WARN_DIRECT_OBJC_ISA_USAGE = YES_ERROR;
				CLANG_WARN_DOCUMENTATION_COMMENTS = YES;
				CLANG_WARN_EMPTY_BODY = YES;
				CLANG_WARN_ENUM_CONVERSION = YES;
				CLANG_WARN_INFINITE_RECURSION = YES;
				CLANG_WARN_INT_CONVERSION = YES;
				CLANG_WARN_NON_LITERAL_NULL_CONVERSION = YES;
				CLANG_WARN_OBJC_IMPLICIT_RETAIN_SELF = YES;
				CLANG_WARN_OBJC_LITERAL_CONVERSION = YES;
				CLANG_WARN_OBJC_ROOT_CLASS = YES_ERROR;
				CLANG_WARN_QUOTED_INCLUDE_IN_FRAMEWORK_HEADER = YES;
				CLANG_WARN_RANGE_LOOP_ANALYSIS = YES;
				CLANG_WARN_STRICT_PROTOTYPES = YES;
				CLANG_WARN_SUSPICIOUS_MOVE = YES;
				CLANG_WARN_UNGUARDED_AVAILABILITY = YES_AGGRESSIVE;
				CLANG_WARN_UNREACHABLE_CODE = YES;
				CLANG_WARN__DUPLICATE_METHOD_MATCH = YES;
				COPY_PHASE_STRIP = NO;
				DEBUG_INFORMATION_FORMAT = "dwarf-with-dsym";
				ENABLE_NS_ASSERTIONS = NO;
				ENABLE_STRICT_OBJC_MSGSEND = YES;
				ENABLE_USER_SCRIPT_SANDBOXING = YES;
				GCC_C_LANGUAGE_STANDARD = gnu17;
				GCC_NO_COMMON_BLOCKS = YES;
				GCC_WARN_64_TO_32_BIT_CONVERSION = YES;
				GCC_WARN_ABOUT_RETURN_TYPE = YES_ERROR;
				GCC_WARN_UNDECLARED_SELECTOR = YES;
				GCC_WARN_UNINITIALIZED_AUTOS = YES_AGGRESSIVE;
				GCC_WARN_UNUSED_FUNCTION = YES;
				GCC_WARN_UNUSED_VARIABLE = YES;
				IPHONEOS_DEPLOYMENT_TARGET = 17.2;
				LOCALIZATION_PREFERS_STRING_CATALOGS = YES;
				MTL_ENABLE_DEBUG_INFO = NO;
				MTL_FAST_MATH = YES;
				SDKROOT = iphoneos;
				SWIFT_COMPILATION_MODE = wholemodule;
				VALIDATE_PRODUCT = YES;
			};
			name = Release;
		};
		FA6C90D82B412FC000A3A203 /* Debug */ = {
			isa = XCBuildConfiguration;
			buildSettings = {
				ASSETCATALOG_COMPILER_APPICON_NAME = AppIcon;
				ASSETCATALOG_COMPILER_GLOBAL_ACCENT_COLOR_NAME = AccentColor;
				CODE_SIGN_STYLE = Automatic;
				CURRENT_PROJECT_VERSION = 1;
				DEVELOPMENT_ASSET_PATHS = "\"Workouts/Preview Content\"";
				ENABLE_PREVIEWS = YES;
				GENERATE_INFOPLIST_FILE = YES;
				INFOPLIST_KEY_UIApplicationSceneManifest_Generation = YES;
				INFOPLIST_KEY_UIApplicationSupportsIndirectInputEvents = YES;
				INFOPLIST_KEY_UILaunchScreen_Generation = YES;
				INFOPLIST_KEY_UISupportedInterfaceOrientations_iPad = "UIInterfaceOrientationPortrait UIInterfaceOrientationPortraitUpsideDown UIInterfaceOrientationLandscapeLeft UIInterfaceOrientationLandscapeRight";
				INFOPLIST_KEY_UISupportedInterfaceOrientations_iPhone = "UIInterfaceOrientationPortrait UIInterfaceOrientationLandscapeLeft UIInterfaceOrientationLandscapeRight";
				LD_RUNPATH_SEARCH_PATHS = (
					"$(inherited)",
					"@executable_path/Frameworks",
				);
				MARKETING_VERSION = 1.0;
				PRODUCT_BUNDLE_IDENTIFIER = alexphanna.Workouts;
				PRODUCT_NAME = "$(TARGET_NAME)";
				SWIFT_EMIT_LOC_STRINGS = YES;
				SWIFT_VERSION = 5.0;
				TARGETED_DEVICE_FAMILY = "1,2";
			};
			name = Debug;
		};
		FA6C90D92B412FC000A3A203 /* Release */ = {
			isa = XCBuildConfiguration;
			buildSettings = {
				ASSETCATALOG_COMPILER_APPICON_NAME = AppIcon;
				ASSETCATALOG_COMPILER_GLOBAL_ACCENT_COLOR_NAME = AccentColor;
				CODE_SIGN_STYLE = Automatic;
				CURRENT_PROJECT_VERSION = 1;
				DEVELOPMENT_ASSET_PATHS = "\"Workouts/Preview Content\"";
				ENABLE_PREVIEWS = YES;
				GENERATE_INFOPLIST_FILE = YES;
				INFOPLIST_KEY_UIApplicationSceneManifest_Generation = YES;
				INFOPLIST_KEY_UIApplicationSupportsIndirectInputEvents = YES;
				INFOPLIST_KEY_UILaunchScreen_Generation = YES;
				INFOPLIST_KEY_UISupportedInterfaceOrientations_iPad = "UIInterfaceOrientationPortrait UIInterfaceOrientationPortraitUpsideDown UIInterfaceOrientationLandscapeLeft UIInterfaceOrientationLandscapeRight";
				INFOPLIST_KEY_UISupportedInterfaceOrientations_iPhone = "UIInterfaceOrientationPortrait UIInterfaceOrientationLandscapeLeft UIInterfaceOrientationLandscapeRight";
				LD_RUNPATH_SEARCH_PATHS = (
					"$(inherited)",
					"@executable_path/Frameworks",
				);
				MARKETING_VERSION = 1.0;
				PRODUCT_BUNDLE_IDENTIFIER = alexphanna.Workouts;
				PRODUCT_NAME = "$(TARGET_NAME)";
				SWIFT_EMIT_LOC_STRINGS = YES;
				SWIFT_VERSION = 5.0;
				TARGETED_DEVICE_FAMILY = "1,2";
			};
			name = Release;
		};
		FA6C90DB2B412FC000A3A203 /* Debug */ = {
			isa = XCBuildConfiguration;
			buildSettings = {
				ALWAYS_EMBED_SWIFT_STANDARD_LIBRARIES = YES;
				BUNDLE_LOADER = "$(TEST_HOST)";
				CODE_SIGN_STYLE = Automatic;
				CURRENT_PROJECT_VERSION = 1;
				GENERATE_INFOPLIST_FILE = YES;
				IPHONEOS_DEPLOYMENT_TARGET = 17.2;
				MARKETING_VERSION = 1.0;
				PRODUCT_BUNDLE_IDENTIFIER = alexphanna.WorkoutsTests;
				PRODUCT_NAME = "$(TARGET_NAME)";
				SWIFT_EMIT_LOC_STRINGS = NO;
				SWIFT_VERSION = 5.0;
				TARGETED_DEVICE_FAMILY = "1,2";
				TEST_HOST = "$(BUILT_PRODUCTS_DIR)/Workouts.app/$(BUNDLE_EXECUTABLE_FOLDER_PATH)/Workouts";
			};
			name = Debug;
		};
		FA6C90DC2B412FC000A3A203 /* Release */ = {
			isa = XCBuildConfiguration;
			buildSettings = {
				ALWAYS_EMBED_SWIFT_STANDARD_LIBRARIES = YES;
				BUNDLE_LOADER = "$(TEST_HOST)";
				CODE_SIGN_STYLE = Automatic;
				CURRENT_PROJECT_VERSION = 1;
				GENERATE_INFOPLIST_FILE = YES;
				IPHONEOS_DEPLOYMENT_TARGET = 17.2;
				MARKETING_VERSION = 1.0;
				PRODUCT_BUNDLE_IDENTIFIER = alexphanna.WorkoutsTests;
				PRODUCT_NAME = "$(TARGET_NAME)";
				SWIFT_EMIT_LOC_STRINGS = NO;
				SWIFT_VERSION = 5.0;
				TARGETED_DEVICE_FAMILY = "1,2";
				TEST_HOST = "$(BUILT_PRODUCTS_DIR)/Workouts.app/$(BUNDLE_EXECUTABLE_FOLDER_PATH)/Workouts";
			};
			name = Release;
		};
		FA6C90DE2B412FC000A3A203 /* Debug */ = {
			isa = XCBuildConfiguration;
			buildSettings = {
				ALWAYS_EMBED_SWIFT_STANDARD_LIBRARIES = YES;
				CODE_SIGN_STYLE = Automatic;
				CURRENT_PROJECT_VERSION = 1;
				GENERATE_INFOPLIST_FILE = YES;
				MARKETING_VERSION = 1.0;
				PRODUCT_BUNDLE_IDENTIFIER = alexphanna.WorkoutsUITests;
				PRODUCT_NAME = "$(TARGET_NAME)";
				SWIFT_EMIT_LOC_STRINGS = NO;
				SWIFT_VERSION = 5.0;
				TARGETED_DEVICE_FAMILY = "1,2";
				TEST_TARGET_NAME = Workouts;
			};
			name = Debug;
		};
		FA6C90DF2B412FC000A3A203 /* Release */ = {
			isa = XCBuildConfiguration;
			buildSettings = {
				ALWAYS_EMBED_SWIFT_STANDARD_LIBRARIES = YES;
				CODE_SIGN_STYLE = Automatic;
				CURRENT_PROJECT_VERSION = 1;
				GENERATE_INFOPLIST_FILE = YES;
				MARKETING_VERSION = 1.0;
				PRODUCT_BUNDLE_IDENTIFIER = alexphanna.WorkoutsUITests;
				PRODUCT_NAME = "$(TARGET_NAME)";
				SWIFT_EMIT_LOC_STRINGS = NO;
				SWIFT_VERSION = 5.0;
				TARGETED_DEVICE_FAMILY = "1,2";
				TEST_TARGET_NAME = Workouts;
			};
			name = Release;
		};
/* End XCBuildConfiguration section */

/* Begin XCConfigurationList section */
		FA6C90AE2B412FBE00A3A203 /* Build configuration list for PBXProject "Workouts" */ = {
			isa = XCConfigurationList;
			buildConfigurations = (
				FA6C90D52B412FC000A3A203 /* Debug */,
				FA6C90D62B412FC000A3A203 /* Release */,
			);
			defaultConfigurationIsVisible = 0;
			defaultConfigurationName = Release;
		};
		FA6C90D72B412FC000A3A203 /* Build configuration list for PBXNativeTarget "Workouts" */ = {
			isa = XCConfigurationList;
			buildConfigurations = (
				FA6C90D82B412FC000A3A203 /* Debug */,
				FA6C90D92B412FC000A3A203 /* Release */,
			);
			defaultConfigurationIsVisible = 0;
			defaultConfigurationName = Release;
		};
		FA6C90DA2B412FC000A3A203 /* Build configuration list for PBXNativeTarget "WorkoutsTests" */ = {
			isa = XCConfigurationList;
			buildConfigurations = (
				FA6C90DB2B412FC000A3A203 /* Debug */,
				FA6C90DC2B412FC000A3A203 /* Release */,
			);
			defaultConfigurationIsVisible = 0;
			defaultConfigurationName = Release;
		};
		FA6C90DD2B412FC000A3A203 /* Build configuration list for PBXNativeTarget "WorkoutsUITests" */ = {
			isa = XCConfigurationList;
			buildConfigurations = (
				FA6C90DE2B412FC000A3A203 /* Debug */,
				FA6C90DF2B412FC000A3A203 /* Release */,
			);
			defaultConfigurationIsVisible = 0;
			defaultConfigurationName = Release;
		};
/* End XCConfigurationList section */
	};
	rootObject = FA6C90AB2B412FBE00A3A203 /* Project object */;
}
